
Microsoft Visual Studio Solution File, Format Version 12.00
# Visual Studio 14
VisualStudioVersion = 14.0.25420.1
MinimumVisualStudioVersion = 10.0.40219.1
Project("{FAE04EC0-301F-11D3-BF4B-00C04F79EFBC}") = "Presentation", "Presentation\Presentation.csproj", "{44D81838-61AE-4137-91DC-040F515CA4DA}"
EndProject
Project("{FAE04EC0-301F-11D3-BF4B-00C04F79EFBC}") = "ServerAPI", "ServerAPI\ServerAPI.csproj", "{A82404BA-07E2-452E-9178-19289C3D6699}"
EndProject
Project("{FAE04EC0-301F-11D3-BF4B-00C04F79EFBC}") = "WebAPI", "WebAPI\WebAPI.csproj", "{5588EF7E-9147-4140-907A-466C2A657BC8}"
EndProject
Project("{FAE04EC0-301F-11D3-BF4B-00C04F79EFBC}") = "ClientChemInfo", "ClientChemInfo\ClientChemInfo.csproj", "{6B013495-428E-4FD0-966B-C705E577C5A9}"
EndProject
Global
	GlobalSection(SolutionConfigurationPlatforms) = preSolution
		Debug|Any CPU = Debug|Any CPU
		Release|Any CPU = Release|Any CPU
	EndGlobalSection
	GlobalSection(ProjectConfigurationPlatforms) = postSolution
		{44D81838-61AE-4137-91DC-040F515CA4DA}.Debug|Any CPU.ActiveCfg = Debug|Any CPU
		{44D81838-61AE-4137-91DC-040F515CA4DA}.Debug|Any CPU.Build.0 = Debug|Any CPU
		{44D81838-61AE-4137-91DC-040F515CA4DA}.Release|Any CPU.ActiveCfg = Release|Any CPU
		{44D81838-61AE-4137-91DC-040F515CA4DA}.Release|Any CPU.Build.0 = Release|Any CPU
		{A82404BA-07E2-452E-9178-19289C3D6699}.Debug|Any CPU.ActiveCfg = Debug|Any CPU
		{A82404BA-07E2-452E-9178-19289C3D6699}.Debug|Any CPU.Build.0 = Debug|Any CPU
		{A82404BA-07E2-452E-9178-19289C3D6699}.Release|Any CPU.ActiveCfg = Release|Any CPU
		{A82404BA-07E2-452E-9178-19289C3D6699}.Release|Any CPU.Build.0 = Release|Any CPU
		{5588EF7E-9147-4140-907A-466C2A657BC8}.Debug|Any CPU.ActiveCfg = Debug|Any CPU
		{5588EF7E-9147-4140-907A-466C2A657BC8}.Debug|Any CPU.Build.0 = Debug|Any CPU
		{5588EF7E-9147-4140-907A-466C2A657BC8}.Release|Any CPU.ActiveCfg = Release|Any CPU
		{5588EF7E-9147-4140-907A-466C2A657BC8}.Release|Any CPU.Build.0 = Release|Any CPU
		{6B013495-428E-4FD0-966B-C705E577C5A9}.Debug|Any CPU.ActiveCfg = Debug|Any CPU
		{6B013495-428E-4FD0-966B-C705E577C5A9}.Debug|Any CPU.Build.0 = Debug|Any CPU
		{6B013495-428E-4FD0-966B-C705E577C5A9}.Release|Any CPU.ActiveCfg = Release|Any CPU
		{6B013495-428E-4FD0-966B-C705E577C5A9}.Release|Any CPU.Build.0 = Release|Any CPU
	EndGlobalSection
	GlobalSection(SolutionProperties) = preSolution
		HideSolutionNode = FALSE
	EndGlobalSection
EndGlobal
